
Microsoft Visual Studio Solution File, Format Version 12.00
# Visual Studio Version 17
VisualStudioVersion = 17.4.33213.308
MinimumVisualStudioVersion = 10.0.40219.1
Project("{FAE04EC0-301F-11D3-BF4B-00C04F79EFBC}") = "LocManager", "LocManager\LocManager.csproj", "{471CBB03-3C46-4CF5-8412-992F3CF8E938}"
EndProject
Global
	GlobalSection(SolutionConfigurationPlatforms) = preSolution
		Debug|Any CPU = Debug|Any CPU
		Release|Any CPU = Release|Any CPU
	EndGlobalSection
	GlobalSection(ProjectConfigurationPlatforms) = postSolution
		{471CBB03-3C46-4CF5-8412-992F3CF8E938}.Debug|Any CPU.ActiveCfg = Debug|Any CPU
		{471CBB03-3C46-4CF5-8412-992F3CF8E938}.Debug|Any CPU.Build.0 = Debug|Any CPU
		{471CBB03-3C46-4CF5-8412-992F3CF8E938}.Release|Any CPU.ActiveCfg = Release|Any CPU
		{471CBB03-3C46-4CF5-8412-992F3CF8E938}.Release|Any CPU.Build.0 = Release|Any CPU
	EndGlobalSection
	GlobalSection(SolutionProperties) = preSolution
		HideSolutionNode = FALSE
	EndGlobalSection
	GlobalSection(ExtensibilityGlobals) = postSolution
		SolutionGuid = {DC13260E-EC35-4BB4-A73E-22BC3BA2C098}
	EndGlobalSection
EndGlobal
